
Microsoft Visual Studio Solution File, Format Version 12.00
# Visual Studio Version 16
VisualStudioVersion = 16.0.30002.166
MinimumVisualStudioVersion = 10.0.40219.1
Project("{9A19103F-16F7-4668-BE54-9A1E7A4F7556}") = "IPTestingServer", "IPTestingServer\IPTestingServer.csproj", "{85AA3D85-0507-4D53-9BE3-93013297796F}"
	ProjectSection(ProjectDependencies) = postProject
		{C237A6B3-8229-4786-B839-FE03302118B9} = {C237A6B3-8229-4786-B839-FE03302118B9}
	EndProjectSection
EndProject
Project("{9A19103F-16F7-4668-BE54-9A1E7A4F7556}") = "IPTestingClient", "IPTestingClient\IPTestingClient.csproj", "{C41477F9-6D77-4D5E-ADB7-5C76D5DCE869}"
	ProjectSection(ProjectDependencies) = postProject
		{C237A6B3-8229-4786-B839-FE03302118B9} = {C237A6B3-8229-4786-B839-FE03302118B9}
	EndProjectSection
EndProject
Project("{9A19103F-16F7-4668-BE54-9A1E7A4F7556}") = "AppDLLStuff", "AppDLLStuff\AppDLLStuff.csproj", "{C237A6B3-8229-4786-B839-FE03302118B9}"
EndProject
Global
	GlobalSection(SolutionConfigurationPlatforms) = preSolution
		Debug|Any CPU = Debug|Any CPU
		Debug|x86 = Debug|x86
		Release|Any CPU = Release|Any CPU
		Release|x86 = Release|x86
	EndGlobalSection
	GlobalSection(ProjectConfigurationPlatforms) = postSolution
		{85AA3D85-0507-4D53-9BE3-93013297796F}.Debug|Any CPU.ActiveCfg = Debug|Any CPU
		{85AA3D85-0507-4D53-9BE3-93013297796F}.Debug|Any CPU.Build.0 = Debug|Any CPU
		{85AA3D85-0507-4D53-9BE3-93013297796F}.Debug|x86.ActiveCfg = Debug|x86
		{85AA3D85-0507-4D53-9BE3-93013297796F}.Debug|x86.Build.0 = Debug|x86
		{85AA3D85-0507-4D53-9BE3-93013297796F}.Release|Any CPU.ActiveCfg = Release|Any CPU
		{85AA3D85-0507-4D53-9BE3-93013297796F}.Release|Any CPU.Build.0 = Release|Any CPU
		{85AA3D85-0507-4D53-9BE3-93013297796F}.Release|x86.ActiveCfg = Release|x86
		{85AA3D85-0507-4D53-9BE3-93013297796F}.Release|x86.Build.0 = Release|x86
		{C41477F9-6D77-4D5E-ADB7-5C76D5DCE869}.Debug|Any CPU.ActiveCfg = Debug|Any CPU
		{C41477F9-6D77-4D5E-ADB7-5C76D5DCE869}.Debug|Any CPU.Build.0 = Debug|Any CPU
		{C41477F9-6D77-4D5E-ADB7-5C76D5DCE869}.Debug|x86.ActiveCfg = Debug|x86
		{C41477F9-6D77-4D5E-ADB7-5C76D5DCE869}.Debug|x86.Build.0 = Debug|x86
		{C41477F9-6D77-4D5E-ADB7-5C76D5DCE869}.Release|Any CPU.ActiveCfg = Release|Any CPU
		{C41477F9-6D77-4D5E-ADB7-5C76D5DCE869}.Release|Any CPU.Build.0 = Release|Any CPU
		{C41477F9-6D77-4D5E-ADB7-5C76D5DCE869}.Release|x86.ActiveCfg = Release|x86
		{C41477F9-6D77-4D5E-ADB7-5C76D5DCE869}.Release|x86.Build.0 = Release|x86
		{C237A6B3-8229-4786-B839-FE03302118B9}.Debug|Any CPU.ActiveCfg = Debug|Any CPU
		{C237A6B3-8229-4786-B839-FE03302118B9}.Debug|Any CPU.Build.0 = Debug|Any CPU
		{C237A6B3-8229-4786-B839-FE03302118B9}.Debug|x86.ActiveCfg = Debug|x86
		{C237A6B3-8229-4786-B839-FE03302118B9}.Debug|x86.Build.0 = Debug|x86
		{C237A6B3-8229-4786-B839-FE03302118B9}.Release|Any CPU.ActiveCfg = Release|Any CPU
		{C237A6B3-8229-4786-B839-FE03302118B9}.Release|Any CPU.Build.0 = Release|Any CPU
		{C237A6B3-8229-4786-B839-FE03302118B9}.Release|x86.ActiveCfg = Release|x86
		{C237A6B3-8229-4786-B839-FE03302118B9}.Release|x86.Build.0 = Release|x86
	EndGlobalSection
	GlobalSection(SolutionProperties) = preSolution
		HideSolutionNode = FALSE
	EndGlobalSection
	GlobalSection(ExtensibilityGlobals) = postSolution
		SolutionGuid = {34C9DEF8-10C6-4E16-884F-5AE625FFDCE6}
	EndGlobalSection
EndGlobal
